// !$*UTF8*$!
{
	archiveVersion = 1;
	classes = {
	};
	objectVersion = 46;
	objects = {

/* Begin PBXBuildFile section */
		C2CEEB801A76469400B5A46B /* AppDelegate.swift in Sources */ = {isa = PBXBuildFile; fileRef = C2CEEB7F1A76469400B5A46B /* AppDelegate.swift */; };
		C2CEEB821A76469400B5A46B /* ViewController.swift in Sources */ = {isa = PBXBuildFile; fileRef = C2CEEB811A76469400B5A46B /* ViewController.swift */; };
		C2CEEB851A76469400B5A46B /* Main.storyboard in Resources */ = {isa = PBXBuildFile; fileRef = C2CEEB831A76469400B5A46B /* Main.storyboard */; };
		C2CEEB871A76469400B5A46B /* Images.xcassets in Resources */ = {isa = PBXBuildFile; fileRef = C2CEEB861A76469400B5A46B /* Images.xcassets */; };
		C2CEEB8A1A76469400B5A46B /* LaunchScreen.xib in Resources */ = {isa = PBXBuildFile; fileRef = C2CEEB881A76469400B5A46B /* LaunchScreen.xib */; };
		C2CEEB961A76469400B5A46B /* AutoLayoutTests.swift in Sources */ = {isa = PBXBuildFile; fileRef = C2CEEB951A76469400B5A46B /* AutoLayoutTests.swift */; };
/* End PBXBuildFile section */

/* Begin PBXContainerItemProxy section */
		C2CEEB901A76469400B5A46B /* PBXContainerItemProxy */ = {
			isa = PBXContainerItemProxy;
			containerPortal = C2CEEB721A76469400B5A46B /* Project object */;
			proxyType = 1;
			remoteGlobalIDString = C2CEEB791A76469400B5A46B;
			remoteInfo = AutoLayout;
		};
/* End PBXContainerItemProxy section */

/* Begin PBXFileReference section */
		C2CEEB7A1A76469400B5A46B /* AutoLayout.app */ = {isa = PBXFileReference; explicitFileType = wrapper.application; includeInIndex = 0; path = AutoLayout.app; sourceTree = BUILT_PRODUCTS_DIR; };
		C2CEEB7E1A76469400B5A46B /* Info.plist */ = {isa = PBXFileReference; lastKnownFileType = text.plist.xml; path = Info.plist; sourceTree = "<group>"; };
		C2CEEB7F1A76469400B5A46B /* AppDelegate.swift */ = {isa = PBXFileReference; lastKnownFileType = sourcecode.swift; path = AppDelegate.swift; sourceTree = "<group>"; };
		C2CEEB811A76469400B5A46B /* ViewController.swift */ = {isa = PBXFileReference; lastKnownFileType = sourcecode.swift; path = ViewController.swift; sourceTree = "<group>"; };
		C2CEEB841A76469400B5A46B /* Base */ = {isa = PBXFileReference; lastKnownFileType = file.storyboard; name = Base; path = Base.lproj/Main.storyboard; sourceTree = "<group>"; };
		C2CEEB861A76469400B5A46B /* Images.xcassets */ = {isa = PBXFileReference; lastKnownFileType = folder.assetcatalog; path = Images.xcassets; sourceTree = "<group>"; };
		C2CEEB891A76469400B5A46B /* Base */ = {isa = PBXFileReference; lastKnownFileType = file.xib; name = Base; path = Base.lproj/LaunchScreen.xib; sourceTree = "<group>"; };
		C2CEEB8F1A76469400B5A46B /* AutoLayoutTests.xctest */ = {isa = PBXFileReference; explicitFileType = wrapper.cfbundle; includeInIndex = 0; path = AutoLayoutTests.xctest; sourceTree = BUILT_PRODUCTS_DIR; };
		C2CEEB941A76469400B5A46B /* Info.plist */ = {isa = PBXFileReference; lastKnownFileType = text.plist.xml; path = Info.plist; sourceTree = "<group>"; };
		C2CEEB951A76469400B5A46B /* AutoLayoutTests.swift */ = {isa = PBXFileReference; lastKnownFileType = sourcecode.swift; path = AutoLayoutTests.swift; sourceTree = "<group>"; };
/* End PBXFileReference section */

/* Begin PBXFrameworksBuildPhase section */
		C2CEEB771A76469400B5A46B /* Frameworks */ = {
			isa = PBXFrameworksBuildPhase;
			buildActionMask = 2147483647;
			files = (
			);
			runOnlyForDeploymentPostprocessing = 0;
		};
		C2CEEB8C1A76469400B5A46B /* Frameworks */ = {
			isa = PBXFrameworksBuildPhase;
			buildActionMask = 2147483647;
			files = (
			);
			runOnlyForDeploymentPostprocessing = 0;
		};
/* End PBXFrameworksBuildPhase section */

/* Begin PBXGroup section */
		C2CEEB711A76469400B5A46B = {
			isa = PBXGroup;
			children = (
				C2CEEB7C1A76469400B5A46B /* AutoLayout */,
				C2CEEB921A76469400B5A46B /* AutoLayoutTests */,
				C2CEEB7B1A76469400B5A46B /* Products */,
			);
			sourceTree = "<group>";
		};
		C2CEEB7B1A76469400B5A46B /* Products */ = {
			isa = PBXGroup;
			children = (
				C2CEEB7A1A76469400B5A46B /* AutoLayout.app */,
				C2CEEB8F1A76469400B5A46B /* AutoLayoutTests.xctest */,
			);
			name = Products;
			sourceTree = "<group>";
		};
		C2CEEB7C1A76469400B5A46B /* AutoLayout */ = {
			isa = PBXGroup;
			children = (
				C2CEEB7F1A76469400B5A46B /* AppDelegate.swift */,
				C2CEEB811A76469400B5A46B /* ViewController.swift */,
				C2CEEB831A76469400B5A46B /* Main.storyboard */,
				C2CEEB861A76469400B5A46B /* Images.xcassets */,
				C2CEEB881A76469400B5A46B /* LaunchScreen.xib */,
				C2CEEB7D1A76469400B5A46B /* Supporting Files */,
			);
			path = AutoLayout;
			sourceTree = "<group>";
		};
		C2CEEB7D1A76469400B5A46B /* Supporting Files */ = {
			isa = PBXGroup;
			children = (
				C2CEEB7E1A76469400B5A46B /* Info.plist */,
			);
			name = "Supporting Files";
			sourceTree = "<group>";
		};
		C2CEEB921A76469400B5A46B /* AutoLayoutTests */ = {
			isa = PBXGroup;
			children = (
				C2CEEB951A76469400B5A46B /* AutoLayoutTests.swift */,
				C2CEEB931A76469400B5A46B /* Supporting Files */,
			);
			path = AutoLayoutTests;
			sourceTree = "<group>";
		};
		C2CEEB931A76469400B5A46B /* Supporting Files */ = {
			isa = PBXGroup;
			children = (
				C2CEEB941A76469400B5A46B /* Info.plist */,
			);
			name = "Supporting Files";
			sourceTree = "<group>";
		};
/* End PBXGroup section */

/* Begin PBXNativeTarget section */
		C2CEEB791A76469400B5A46B /* AutoLayout */ = {
			isa = PBXNativeTarget;
			buildConfigurationList = C2CEEB991A76469400B5A46B /* Build configuration list for PBXNativeTarget "AutoLayout" */;
			buildPhases = (
				C2CEEB761A76469400B5A46B /* Sources */,
				C2CEEB771A76469400B5A46B /* Frameworks */,
				C2CEEB781A76469400B5A46B /* Resources */,
			);
			buildRules = (
			);
			dependencies = (
			);
			name = AutoLayout;
			productName = AutoLayout;
			productReference = C2CEEB7A1A76469400B5A46B /* AutoLayout.app */;
			productType = "com.apple.product-type.application";
		};
		C2CEEB8E1A76469400B5A46B /* AutoLayoutTests */ = {
			isa = PBXNativeTarget;
			buildConfigurationList = C2CEEB9C1A76469400B5A46B /* Build configuration list for PBXNativeTarget "AutoLayoutTests" */;
			buildPhases = (
				C2CEEB8B1A76469400B5A46B /* Sources */,
				C2CEEB8C1A76469400B5A46B /* Frameworks */,
				C2CEEB8D1A76469400B5A46B /* Resources */,
			);
			buildRules = (
			);
			dependencies = (
				C2CEEB911A76469400B5A46B /* PBXTargetDependency */,
			);
			name = AutoLayoutTests;
			productName = AutoLayoutTests;
			productReference = C2CEEB8F1A76469400B5A46B /* AutoLayoutTests.xctest */;
			productType = "com.apple.product-type.bundle.unit-test";
		};
/* End PBXNativeTarget section */

/* Begin PBXProject section */
		C2CEEB721A76469400B5A46B /* Project object */ = {
			isa = PBXProject;
			attributes = {
				LastUpgradeCheck = 0610;
				ORGANIZATIONNAME = Loxoll;
				TargetAttributes = {
					C2CEEB791A76469400B5A46B = {
						CreatedOnToolsVersion = 6.1.1;
					};
					C2CEEB8E1A76469400B5A46B = {
						CreatedOnToolsVersion = 6.1.1;
						TestTargetID = C2CEEB791A76469400B5A46B;
					};
				};
			};
			buildConfigurationList = C2CEEB751A76469400B5A46B /* Build configuration list for PBXProject "AutoLayout" */;
			compatibilityVersion = "Xcode 3.2";
			developmentRegion = English;
			hasScannedForEncodings = 0;
			knownRegions = (
				en,
				Base,
			);
			mainGroup = C2CEEB711A76469400B5A46B;
			productRefGroup = C2CEEB7B1A76469400B5A46B /* Products */;
			projectDirPath = "";
			projectRoot = "";
			targets = (
				C2CEEB791A76469400B5A46B /* AutoLayout */,
				C2CEEB8E1A76469400B5A46B /* AutoLayoutTests */,
			);
		};
/* End PBXProject section */

/* Begin PBXResourcesBuildPhase section */
		C2CEEB781A76469400B5A46B /* Resources */ = {
			isa = PBXResourcesBuildPhase;
			buildActionMask = 2147483647;
			files = (
				C2CEEB851A76469400B5A46B /* Main.storyboard in Resources */,
				C2CEEB8A1A76469400B5A46B /* LaunchScreen.xib in Resources */,
				C2CEEB871A76469400B5A46B /* Images.xcassets in Resources */,
			);
			runOnlyForDeploymentPostprocessing = 0;
		};
		C2CEEB8D1A76469400B5A46B /* Resources */ = {
			isa = PBXResourcesBuildPhase;
			buildActionMask = 2147483647;
			files = (
			);
			runOnlyForDeploymentPostprocessing = 0;
		};
/* End PBXResourcesBuildPhase section */

/* Begin PBXSourcesBuildPhase section */
		C2CEEB761A76469400B5A46B /* Sources */ = {
			isa = PBXSourcesBuildPhase;
			buildActionMask = 2147483647;
			files = (
				C2CEEB821A76469400B5A46B /* ViewController.swift in Sources */,
				C2CEEB801A76469400B5A46B /* AppDelegate.swift in Sources */,
			);
			runOnlyForDeploymentPostprocessing = 0;
		};
		C2CEEB8B1A76469400B5A46B /* Sources */ = {
			isa = PBXSourcesBuildPhase;
			buildActionMask = 2147483647;
			files = (
				C2CEEB961A76469400B5A46B /* AutoLayoutTests.swift in Sources */,
			);
			runOnlyForDeploymentPostprocessing = 0;
		};
/* End PBXSourcesBuildPhase section */

/* Begin PBXTargetDependency section */
		C2CEEB911A76469400B5A46B /* PBXTargetDependency */ = {
			isa = PBXTargetDependency;
			target = C2CEEB791A76469400B5A46B /* AutoLayout */;
			targetProxy = C2CEEB901A76469400B5A46B /* PBXContainerItemProxy */;
		};
/* End PBXTargetDependency section */

/* Begin PBXVariantGroup section */
		C2CEEB831A76469400B5A46B /* Main.storyboard */ = {
			isa = PBXVariantGroup;
			children = (
				C2CEEB841A76469400B5A46B /* Base */,
			);
			name = Main.storyboard;
			sourceTree = "<group>";
		};
		C2CEEB881A76469400B5A46B /* LaunchScreen.xib */ = {
			isa = PBXVariantGroup;
			children = (
				C2CEEB891A76469400B5A46B /* Base */,
			);
			name = LaunchScreen.xib;
			sourceTree = "<group>";
		};
/* End PBXVariantGroup section */

/* Begin XCBuildConfiguration section */
		C2CEEB971A76469400B5A46B /* Debug */ = {
			isa = XCBuildConfiguration;
			buildSettings = {
				ALWAYS_SEARCH_USER_PATHS = NO;
				CLANG_CXX_LANGUAGE_STANDARD = "gnu++0x";
				CLANG_CXX_LIBRARY = "libc++";
				CLANG_ENABLE_MODULES = YES;
				CLANG_ENABLE_OBJC_ARC = YES;
				CLANG_WARN_BOOL_CONVERSION = YES;
				CLANG_WARN_CONSTANT_CONVERSION = YES;
				CLANG_WARN_DIRECT_OBJC_ISA_USAGE = YES_ERROR;
				CLANG_WARN_EMPTY_BODY = YES;
				CLANG_WARN_ENUM_CONVERSION = YES;
				CLANG_WARN_INT_CONVERSION = YES;
				CLANG_WARN_OBJC_ROOT_CLASS = YES_ERROR;
				CLANG_WARN_UNREACHABLE_CODE = YES;
				CLANG_WARN__DUPLICATE_METHOD_MATCH = YES;
				"CODE_SIGN_IDENTITY[sdk=iphoneos*]" = "iPhone Developer";
				COPY_PHASE_STRIP = NO;
				ENABLE_STRICT_OBJC_MSGSEND = YES;
				GCC_C_LANGUAGE_STANDARD = gnu99;
				GCC_DYNAMIC_NO_PIC = NO;
				GCC_OPTIMIZATION_LEVEL = 0;
				GCC_PREPROCESSOR_DEFINITIONS = (
					"DEBUG=1",
					"$(inherited)",
				);
				GCC_SYMBOLS_PRIVATE_EXTERN = NO;
				GCC_WARN_64_TO_32_BIT_CONVERSION = YES;
				GCC_WARN_ABOUT_RETURN_TYPE = YES_ERROR;
				GCC_WARN_UNDECLARED_SELECTOR = YES;
				GCC_WARN_UNINITIALIZED_AUTOS = YES_AGGRESSIVE;
				GCC_WARN_UNUSED_FUNCTION = YES;
				GCC_WARN_UNUSED_VARIABLE = YES;
				IPHONEOS_DEPLOYMENT_TARGET = 8.1;
				MTL_ENABLE_DEBUG_INFO = YES;
				ONLY_ACTIVE_ARCH = YES;
				SDKROOT = iphoneos;
				SWIFT_OPTIMIZATION_LEVEL = "-Onone";
				TARGETED_DEVICE_FAMILY = "1,2";
			};
			name = Debug;
		};
		C2CEEB981A76469400B5A46B /* Release */ = {
			isa = XCBuildConfiguration;
			buildSettings = {
				ALWAYS_SEARCH_USER_PATHS = NO;
				CLANG_CXX_LANGUAGE_STANDARD = "gnu++0x";
				CLANG_CXX_LIBRARY = "libc++";
				CLANG_ENABLE_MODULES = YES;
				CLANG_ENABLE_OBJC_ARC = YES;
				CLANG_WARN_BOOL_CONVERSION = YES;
				CLANG_WARN_CONSTANT_CONVERSION = YES;
				CLANG_WARN_DIRECT_OBJC_ISA_USAGE = YES_ERROR;
				CLANG_WARN_EMPTY_BODY = YES;
				CLANG_WARN_ENUM_CONVERSION = YES;
				CLANG_WARN_INT_CONVERSION = YES;
				CLANG_WARN_OBJC_ROOT_CLASS = YES_ERROR;
				CLANG_WARN_UNREACHABLE_CODE = YES;
				CLANG_WARN__DUPLICATE_METHOD_MATCH = YES;
				"CODE_SIGN_IDENTITY[sdk=iphoneos*]" = "iPhone Developer";
				COPY_PHASE_STRIP = YES;
				ENABLE_NS_ASSERTIONS = NO;
				ENABLE_STRICT_OBJC_MSGSEND = YES;
				GCC_C_LANGUAGE_STANDARD = gnu99;
				GCC_WARN_64_TO_32_BIT_CONVERSION = YES;
				GCC_WARN_ABOUT_RETURN_TYPE = YES_ERROR;
				GCC_WARN_UNDECLARED_SELECTOR = YES;
				GCC_WARN_UNINITIALIZED_AUTOS = YES_AGGRESSIVE;
				GCC_WARN_UNUSED_FUNCTION = YES;
				GCC_WARN_UNUSED_VARIABLE = YES;
				IPHONEOS_DEPLOYMENT_TARGET = 8.1;
				MTL_ENABLE_DEBUG_INFO = NO;
				SDKROOT = iphoneos;
				TARGETED_DEVICE_FAMILY = "1,2";
				VALIDATE_PRODUCT = YES;
			};
			name = Release;
		};
		C2CEEB9A1A76469400B5A46B /* Debug */ = {
			isa = XCBuildConfiguration;
			buildSettings = {
				ASSETCATALOG_COMPILER_APPICON_NAME = AppIcon;
				INFOPLIST_FILE = AutoLayout/Info.plist;
				LD_RUNPATH_SEARCH_PATHS = "$(inherited) @executable_path/Frameworks";
				PRODUCT_NAME = "$(TARGET_NAME)";
			};
			name = Debug;
		};
		C2CEEB9B1A76469400B5A46B /* Release */ = {
			isa = XCBuildConfiguration;
			buildSettings = {
				ASSETCATALOG_COMPILER_APPICON_NAME = AppIcon;
				INFOPLIST_FILE = AutoLayout/Info.plist;
				LD_RUNPATH_SEARCH_PATHS = "$(inherited) @executable_path/Frameworks";
				PRODUCT_NAME = "$(TARGET_NAME)";
			};
			name = Release;
		};
		C2CEEB9D1A76469400B5A46B /* Debug */ = {
			isa = XCBuildConfiguration;
			buildSettings = {
				BUNDLE_LOADER = "$(TEST_HOST)";
				FRAMEWORK_SEARCH_PATHS = (
					"$(SDKROOT)/Developer/Library/Frameworks",
					"$(inherited)",
				);
				GCC_PREPROCESSOR_DEFINITIONS = (
					"DEBUG=1",
					"$(inherited)",
				);
				INFOPLIST_FILE = AutoLayoutTests/Info.plist;
				LD_RUNPATH_SEARCH_PATHS = "$(inherited) @executable_path/Frameworks @loader_path/Frameworks";
				PRODUCT_NAME = "$(TARGET_NAME)";
				TEST_HOST = "$(BUILT_PRODUCTS_DIR)/AutoLayout.app/AutoLayout";
			};
			name = Debug;
		};
		C2CEEB9E1A76469400B5A46B /* Release */ = {
			isa = XCBuildConfiguration;
			buildSettings = {
				BUNDLE_LOADER = "$(TEST_HOST)";
				FRAMEWORK_SEARCH_PATHS = (
					"$(SDKROOT)/Developer/Library/Frameworks",
					"$(inherited)",
				);
				INFOPLIST_FILE = AutoLayoutTests/Info.plist;
				LD_RUNPATH_SEARCH_PATHS = "$(inherited) @executable_path/Frameworks @loader_path/Frameworks";
				PRODUCT_NAME = "$(TARGET_NAME)";
				TEST_HOST = "$(BUILT_PRODUCTS_DIR)/AutoLayout.app/AutoLayout";
			};
			name = Release;
		};
/* End XCBuildConfiguration section */

/* Begin XCConfigurationList section */
		C2CEEB751A76469400B5A46B /* Build configuration list for PBXProject "AutoLayout" */ = {
			isa = XCConfigurationList;
			buildConfigurations = (
				C2CEEB971A76469400B5A46B /* Debug */,
				C2CEEB981A76469400B5A46B /* Release */,
			);
			defaultConfigurationIsVisible = 0;
			defaultConfigurationName = Release;
		};
		C2CEEB991A76469400B5A46B /* Build configuration list for PBXNativeTarget "AutoLayout" */ = {
			isa = XCConfigurationList;
			buildConfigurations = (
				C2CEEB9A1A76469400B5A46B /* Debug */,
				C2CEEB9B1A76469400B5A46B /* Release */,
			);
			defaultConfigurationIsVisible = 0;
		};
		C2CEEB9C1A76469400B5A46B /* Build configuration list for PBXNativeTarget "AutoLayoutTests" */ = {
			isa = XCConfigurationList;
			buildConfigurations = (
				C2CEEB9D1A76469400B5A46B /* Debug */,
				C2CEEB9E1A76469400B5A46B /* Release */,
			);
			defaultConfigurationIsVisible = 0;
		};
/* End XCConfigurationList section */
	};
	rootObject = C2CEEB721A76469400B5A46B /* Project object */;
}
